// !$*UTF8*$!
{
	archiveVersion = 1;
	classes = {
	};
	objectVersion = 56;
	objects = {

/* Begin PBXBuildFile section */
		842387C72AA0B7D30007D4CF /* fotoBoothApp.swift in Sources */ = {isa = PBXBuildFile; fileRef = 842387C62AA0B7D30007D4CF /* fotoBoothApp.swift */; };
		842387CB2AA0B7D50007D4CF /* Assets.xcassets in Resources */ = {isa = PBXBuildFile; fileRef = 842387CA2AA0B7D50007D4CF /* Assets.xcassets */; };
		842387CE2AA0B7D50007D4CF /* Preview Assets.xcassets in Resources */ = {isa = PBXBuildFile; fileRef = 842387CD2AA0B7D50007D4CF /* Preview Assets.xcassets */; };
		84416A5D2AA2018A002B6985 /* ImageCache.swift in Sources */ = {isa = PBXBuildFile; fileRef = 84416A5C2AA2018A002B6985 /* ImageCache.swift */; };
		84B869C42AA1B8D500B13EDD /* PhotoModel.swift in Sources */ = {isa = PBXBuildFile; fileRef = 84B869C32AA1B8D500B13EDD /* PhotoModel.swift */; };
		84B869C92AA1B91500B13EDD /* AppDataManager.swift in Sources */ = {isa = PBXBuildFile; fileRef = 84B869C82AA1B91500B13EDD /* AppDataManager.swift */; };
		84B869CB2AA1B92000B13EDD /* DetailViewModel.swift in Sources */ = {isa = PBXBuildFile; fileRef = 84B869CA2AA1B92000B13EDD /* DetailViewModel.swift */; };
		84B869CE2AA1B96400B13EDD /* ListView.swift in Sources */ = {isa = PBXBuildFile; fileRef = 84B869CD2AA1B96400B13EDD /* ListView.swift */; };
		84B869D02AA1B96F00B13EDD /* DetailView.swift in Sources */ = {isa = PBXBuildFile; fileRef = 84B869CF2AA1B96F00B13EDD /* DetailView.swift */; };
		84B869D32AA1BA6400B13EDD /* PhotoDataManger.swift in Sources */ = {isa = PBXBuildFile; fileRef = 84B869D22AA1BA6400B13EDD /* PhotoDataManger.swift */; };
		84B869DB2AA1C79F00B13EDD /* HTTPMethod.swift in Sources */ = {isa = PBXBuildFile; fileRef = 84B869DA2AA1C79F00B13EDD /* HTTPMethod.swift */; };
		84B869DD2AA1C8A100B13EDD /* PhotoDataMangerErrors.swift in Sources */ = {isa = PBXBuildFile; fileRef = 84B869DC2AA1C8A100B13EDD /* PhotoDataMangerErrors.swift */; };
		84B869E12AA1CE8900B13EDD /* PhotoView.swift in Sources */ = {isa = PBXBuildFile; fileRef = 84B869E02AA1CE8900B13EDD /* PhotoView.swift */; };
		84B869E62AA1D8C400B13EDD /* PhotoViewModel.swift in Sources */ = {isa = PBXBuildFile; fileRef = 84B869E52AA1D8C400B13EDD /* PhotoViewModel.swift */; };
		84FAD76D2AA4AA7900A03DDA /* ImageLoadingService.swift in Sources */ = {isa = PBXBuildFile; fileRef = 84FAD76C2AA4AA7900A03DDA /* ImageLoadingService.swift */; };
		84FAD7722AA5DA7500A03DDA /* DataBase.swift in Sources */ = {isa = PBXBuildFile; fileRef = 84FAD7712AA5DA7500A03DDA /* DataBase.swift */; };
		84FAD7772AA602D900A03DDA /* ListCellView.swift in Sources */ = {isa = PBXBuildFile; fileRef = 84FAD7762AA602D900A03DDA /* ListCellView.swift */; };
/* End PBXBuildFile section */

/* Begin PBXFileReference section */
		842387C32AA0B7D30007D4CF /* fotoBooth.app */ = {isa = PBXFileReference; explicitFileType = wrapper.application; includeInIndex = 0; path = fotoBooth.app; sourceTree = BUILT_PRODUCTS_DIR; };
		842387C62AA0B7D30007D4CF /* fotoBoothApp.swift */ = {isa = PBXFileReference; lastKnownFileType = sourcecode.swift; path = fotoBoothApp.swift; sourceTree = "<group>"; };
		842387CA2AA0B7D50007D4CF /* Assets.xcassets */ = {isa = PBXFileReference; lastKnownFileType = folder.assetcatalog; path = Assets.xcassets; sourceTree = "<group>"; };
		842387CD2AA0B7D50007D4CF /* Preview Assets.xcassets */ = {isa = PBXFileReference; lastKnownFileType = folder.assetcatalog; path = "Preview Assets.xcassets"; sourceTree = "<group>"; };
		84416A5C2AA2018A002B6985 /* ImageCache.swift */ = {isa = PBXFileReference; lastKnownFileType = sourcecode.swift; path = ImageCache.swift; sourceTree = "<group>"; };
		84B869C32AA1B8D500B13EDD /* PhotoModel.swift */ = {isa = PBXFileReference; lastKnownFileType = sourcecode.swift; path = PhotoModel.swift; sourceTree = "<group>"; };
		84B869C82AA1B91500B13EDD /* AppDataManager.swift */ = {isa = PBXFileReference; lastKnownFileType = sourcecode.swift; path = AppDataManager.swift; sourceTree = "<group>"; };
		84B869CA2AA1B92000B13EDD /* DetailViewModel.swift */ = {isa = PBXFileReference; lastKnownFileType = sourcecode.swift; path = DetailViewModel.swift; sourceTree = "<group>"; };
		84B869CD2AA1B96400B13EDD /* ListView.swift */ = {isa = PBXFileReference; lastKnownFileType = sourcecode.swift; path = ListView.swift; sourceTree = "<group>"; };
		84B869CF2AA1B96F00B13EDD /* DetailView.swift */ = {isa = PBXFileReference; lastKnownFileType = sourcecode.swift; path = DetailView.swift; sourceTree = "<group>"; };
		84B869D22AA1BA6400B13EDD /* PhotoDataManger.swift */ = {isa = PBXFileReference; lastKnownFileType = sourcecode.swift; path = PhotoDataManger.swift; sourceTree = "<group>"; };
		84B869DA2AA1C79F00B13EDD /* HTTPMethod.swift */ = {isa = PBXFileReference; lastKnownFileType = sourcecode.swift; path = HTTPMethod.swift; sourceTree = "<group>"; };
		84B869DC2AA1C8A100B13EDD /* PhotoDataMangerErrors.swift */ = {isa = PBXFileReference; lastKnownFileType = sourcecode.swift; path = PhotoDataMangerErrors.swift; sourceTree = "<group>"; };
		84B869E02AA1CE8900B13EDD /* PhotoView.swift */ = {isa = PBXFileReference; lastKnownFileType = sourcecode.swift; path = PhotoView.swift; sourceTree = "<group>"; };
		84B869E52AA1D8C400B13EDD /* PhotoViewModel.swift */ = {isa = PBXFileReference; lastKnownFileType = sourcecode.swift; path = PhotoViewModel.swift; sourceTree = "<group>"; };
		84FAD76C2AA4AA7900A03DDA /* ImageLoadingService.swift */ = {isa = PBXFileReference; lastKnownFileType = sourcecode.swift; path = ImageLoadingService.swift; sourceTree = "<group>"; };
		84FAD7712AA5DA7500A03DDA /* DataBase.swift */ = {isa = PBXFileReference; lastKnownFileType = sourcecode.swift; path = DataBase.swift; sourceTree = "<group>"; };
		84FAD7762AA602D900A03DDA /* ListCellView.swift */ = {isa = PBXFileReference; lastKnownFileType = sourcecode.swift; path = ListCellView.swift; sourceTree = "<group>"; };
		84FAD7782AA7059F00A03DDA /* Info.plist */ = {isa = PBXFileReference; lastKnownFileType = text.plist; path = Info.plist; sourceTree = "<group>"; };
/* End PBXFileReference section */

/* Begin PBXFrameworksBuildPhase section */
		842387C02AA0B7D30007D4CF /* Frameworks */ = {
			isa = PBXFrameworksBuildPhase;
			buildActionMask = 2147483647;
			files = (
			);
			runOnlyForDeploymentPostprocessing = 0;
		};
/* End PBXFrameworksBuildPhase section */

/* Begin PBXGroup section */
		842387BA2AA0B7D30007D4CF = {
			isa = PBXGroup;
			children = (
				842387C52AA0B7D30007D4CF /* fotoBooth */,
				842387C42AA0B7D30007D4CF /* Products */,
			);
			sourceTree = "<group>";
		};
		842387C42AA0B7D30007D4CF /* Products */ = {
			isa = PBXGroup;
			children = (
				842387C32AA0B7D30007D4CF /* fotoBooth.app */,
			);
			name = Products;
			sourceTree = "<group>";
		};
		842387C52AA0B7D30007D4CF /* fotoBooth */ = {
			isa = PBXGroup;
			children = (
				84FAD7782AA7059F00A03DDA /* Info.plist */,
				84B869D82AA1BCA700B13EDD /* Resources */,
				84B869D72AA1BC9900B13EDD /* Application */,
				84B869C22AA1B8C000B13EDD /* Model */,
				84B869D12AA1BA3B00B13EDD /* Services */,
				84FAD7692AA4AA1900A03DDA /* DetailScreen */,
				84FAD7732AA6009300A03DDA /* PhotoView */,
				84FAD7672AA4A9AE00A03DDA /* ListScreen */,
			);
			path = fotoBooth;
			sourceTree = "<group>";
		};
		842387CC2AA0B7D50007D4CF /* Preview Content */ = {
			isa = PBXGroup;
			children = (
				842387CD2AA0B7D50007D4CF /* Preview Assets.xcassets */,
			);
			path = "Preview Content";
			sourceTree = "<group>";
		};
		84416A5B2AA1FA3B002B6985 /* ListViewModel */ = {
			isa = PBXGroup;
			children = (
				84B869C82AA1B91500B13EDD /* AppDataManager.swift */,
			);
			path = ListViewModel;
			sourceTree = "<group>";
		};
		84416A5E2AA220BD002B6985 /* DetailViewModel */ = {
			isa = PBXGroup;
			children = (
				84B869CA2AA1B92000B13EDD /* DetailViewModel.swift */,
			);
			path = DetailViewModel;
			sourceTree = "<group>";
		};
		84B869C22AA1B8C000B13EDD /* Model */ = {
			isa = PBXGroup;
			children = (
				84B869C32AA1B8D500B13EDD /* PhotoModel.swift */,
			);
			path = Model;
			sourceTree = "<group>";
		};
		84B869D12AA1BA3B00B13EDD /* Services */ = {
			isa = PBXGroup;
			children = (
				84B869D92AA1C78400B13EDD /* NetworkLayer */,
				84416A5C2AA2018A002B6985 /* ImageCache.swift */,
				84FAD76C2AA4AA7900A03DDA /* ImageLoadingService.swift */,
				84FAD7712AA5DA7500A03DDA /* DataBase.swift */,
			);
			path = Services;
			sourceTree = "<group>";
		};
		84B869D72AA1BC9900B13EDD /* Application */ = {
			isa = PBXGroup;
			children = (
				842387C62AA0B7D30007D4CF /* fotoBoothApp.swift */,
			);
			path = Application;
			sourceTree = "<group>";
		};
		84B869D82AA1BCA700B13EDD /* Resources */ = {
			isa = PBXGroup;
			children = (
				842387CA2AA0B7D50007D4CF /* Assets.xcassets */,
				842387CC2AA0B7D50007D4CF /* Preview Content */,
			);
			path = Resources;
			sourceTree = "<group>";
		};
		84B869D92AA1C78400B13EDD /* NetworkLayer */ = {
			isa = PBXGroup;
			children = (
				84B869D22AA1BA6400B13EDD /* PhotoDataManger.swift */,
				84B869DA2AA1C79F00B13EDD /* HTTPMethod.swift */,
				84B869DC2AA1C8A100B13EDD /* PhotoDataMangerErrors.swift */,
			);
			path = NetworkLayer;
			sourceTree = "<group>";
		};
		84B869DE2AA1CE6400B13EDD /* ListView */ = {
			isa = PBXGroup;
			children = (
				84B869CD2AA1B96400B13EDD /* ListView.swift */,
				84FAD7762AA602D900A03DDA /* ListCellView.swift */,
			);
			path = ListView;
			sourceTree = "<group>";
		};
		84B869DF2AA1CE7000B13EDD /* DetailView */ = {
			isa = PBXGroup;
			children = (
				84B869CF2AA1B96F00B13EDD /* DetailView.swift */,
			);
			path = DetailView;
			sourceTree = "<group>";
		};
		84FAD7672AA4A9AE00A03DDA /* ListScreen */ = {
			isa = PBXGroup;
			children = (
				84416A5B2AA1FA3B002B6985 /* ListViewModel */,
				84B869DE2AA1CE6400B13EDD /* ListView */,
			);
			path = ListScreen;
			sourceTree = "<group>";
		};
		84FAD7692AA4AA1900A03DDA /* DetailScreen */ = {
			isa = PBXGroup;
			children = (
				84416A5E2AA220BD002B6985 /* DetailViewModel */,
				84B869DF2AA1CE7000B13EDD /* DetailView */,
			);
			path = DetailScreen;
			sourceTree = "<group>";
		};
		84FAD7732AA6009300A03DDA /* PhotoView */ = {
			isa = PBXGroup;
			children = (
				84B869E52AA1D8C400B13EDD /* PhotoViewModel.swift */,
				84B869E02AA1CE8900B13EDD /* PhotoView.swift */,
			);
			path = PhotoView;
			sourceTree = "<group>";
		};
/* End PBXGroup section */

/* Begin PBXNativeTarget section */
		842387C22AA0B7D30007D4CF /* fotoBooth */ = {
			isa = PBXNativeTarget;
			buildConfigurationList = 842387D12AA0B7D50007D4CF /* Build configuration list for PBXNativeTarget "fotoBooth" */;
			buildPhases = (
				842387BF2AA0B7D30007D4CF /* Sources */,
				842387C02AA0B7D30007D4CF /* Frameworks */,
				842387C12AA0B7D30007D4CF /* Resources */,
			);
			buildRules = (
			);
			dependencies = (
			);
			name = fotoBooth;
			productName = fotoBooth;
			productReference = 842387C32AA0B7D30007D4CF /* fotoBooth.app */;
			productType = "com.apple.product-type.application";
		};
/* End PBXNativeTarget section */

/* Begin PBXProject section */
		842387BB2AA0B7D30007D4CF /* Project object */ = {
			isa = PBXProject;
			attributes = {
				BuildIndependentTargetsInParallel = 1;
				LastSwiftUpdateCheck = 1420;
				LastUpgradeCheck = 1420;
				TargetAttributes = {
					842387C22AA0B7D30007D4CF = {
						CreatedOnToolsVersion = 14.2;
					};
				};
			};
			buildConfigurationList = 842387BE2AA0B7D30007D4CF /* Build configuration list for PBXProject "fotoBooth" */;
			compatibilityVersion = "Xcode 14.0";
			developmentRegion = en;
			hasScannedForEncodings = 0;
			knownRegions = (
				en,
				Base,
			);
			mainGroup = 842387BA2AA0B7D30007D4CF;
			productRefGroup = 842387C42AA0B7D30007D4CF /* Products */;
			projectDirPath = "";
			projectRoot = "";
			targets = (
				842387C22AA0B7D30007D4CF /* fotoBooth */,
			);
		};
/* End PBXProject section */

/* Begin PBXResourcesBuildPhase section */
		842387C12AA0B7D30007D4CF /* Resources */ = {
			isa = PBXResourcesBuildPhase;
			buildActionMask = 2147483647;
			files = (
				842387CE2AA0B7D50007D4CF /* Preview Assets.xcassets in Resources */,
				842387CB2AA0B7D50007D4CF /* Assets.xcassets in Resources */,
			);
			runOnlyForDeploymentPostprocessing = 0;
		};
/* End PBXResourcesBuildPhase section */

/* Begin PBXSourcesBuildPhase section */
		842387BF2AA0B7D30007D4CF /* Sources */ = {
			isa = PBXSourcesBuildPhase;
			buildActionMask = 2147483647;
			files = (
				84B869E62AA1D8C400B13EDD /* PhotoViewModel.swift in Sources */,
				84FAD76D2AA4AA7900A03DDA /* ImageLoadingService.swift in Sources */,
				84416A5D2AA2018A002B6985 /* ImageCache.swift in Sources */,
				84B869C42AA1B8D500B13EDD /* PhotoModel.swift in Sources */,
				84B869CE2AA1B96400B13EDD /* ListView.swift in Sources */,
				84FAD7772AA602D900A03DDA /* ListCellView.swift in Sources */,
				84FAD7722AA5DA7500A03DDA /* DataBase.swift in Sources */,
				84B869D02AA1B96F00B13EDD /* DetailView.swift in Sources */,
				84B869C92AA1B91500B13EDD /* AppDataManager.swift in Sources */,
				84B869DD2AA1C8A100B13EDD /* PhotoDataMangerErrors.swift in Sources */,
				84B869DB2AA1C79F00B13EDD /* HTTPMethod.swift in Sources */,
				84B869CB2AA1B92000B13EDD /* DetailViewModel.swift in Sources */,
				84B869D32AA1BA6400B13EDD /* PhotoDataManger.swift in Sources */,
				84B869E12AA1CE8900B13EDD /* PhotoView.swift in Sources */,
				842387C72AA0B7D30007D4CF /* fotoBoothApp.swift in Sources */,
			);
			runOnlyForDeploymentPostprocessing = 0;
		};
/* End PBXSourcesBuildPhase section */

/* Begin XCBuildConfiguration section */
		842387CF2AA0B7D50007D4CF /* Debug */ = {
			isa = XCBuildConfiguration;
			buildSettings = {
				ALWAYS_SEARCH_USER_PATHS = NO;
				CLANG_ANALYZER_NONNULL = YES;
				CLANG_ANALYZER_NUMBER_OBJECT_CONVERSION = YES_AGGRESSIVE;
				CLANG_CXX_LANGUAGE_STANDARD = "gnu++20";
				CLANG_ENABLE_MODULES = YES;
				CLANG_ENABLE_OBJC_ARC = YES;
				CLANG_ENABLE_OBJC_WEAK = YES;
				CLANG_WARN_BLOCK_CAPTURE_AUTORELEASING = YES;
				CLANG_WARN_BOOL_CONVERSION = YES;
				CLANG_WARN_COMMA = YES;
				CLANG_WARN_CONSTANT_CONVERSION = YES;
				CLANG_WARN_DEPRECATED_OBJC_IMPLEMENTATIONS = YES;
				CLANG_WARN_DIRECT_OBJC_ISA_USAGE = YES_ERROR;
				CLANG_WARN_DOCUMENTATION_COMMENTS = YES;
				CLANG_WARN_EMPTY_BODY = YES;
				CLANG_WARN_ENUM_CONVERSION = YES;
				CLANG_WARN_INFINITE_RECURSION = YES;
				CLANG_WARN_INT_CONVERSION = YES;
				CLANG_WARN_NON_LITERAL_NULL_CONVERSION = YES;
				CLANG_WARN_OBJC_IMPLICIT_RETAIN_SELF = YES;
				CLANG_WARN_OBJC_LITERAL_CONVERSION = YES;
				CLANG_WARN_OBJC_ROOT_CLASS = YES_ERROR;
				CLANG_WARN_QUOTED_INCLUDE_IN_FRAMEWORK_HEADER = YES;
				CLANG_WARN_RANGE_LOOP_ANALYSIS = YES;
				CLANG_WARN_STRICT_PROTOTYPES = YES;
				CLANG_WARN_SUSPICIOUS_MOVE = YES;
				CLANG_WARN_UNGUARDED_AVAILABILITY = YES_AGGRESSIVE;
				CLANG_WARN_UNREACHABLE_CODE = YES;
				CLANG_WARN__DUPLICATE_METHOD_MATCH = YES;
				COPY_PHASE_STRIP = NO;
				DEBUG_INFORMATION_FORMAT = dwarf;
				ENABLE_STRICT_OBJC_MSGSEND = YES;
				ENABLE_TESTABILITY = YES;
				GCC_C_LANGUAGE_STANDARD = gnu11;
				GCC_DYNAMIC_NO_PIC = NO;
				GCC_NO_COMMON_BLOCKS = YES;
				GCC_OPTIMIZATION_LEVEL = 0;
				GCC_PREPROCESSOR_DEFINITIONS = (
					"DEBUG=1",
					"$(inherited)",
				);
				GCC_WARN_64_TO_32_BIT_CONVERSION = YES;
				GCC_WARN_ABOUT_RETURN_TYPE = YES_ERROR;
				GCC_WARN_UNDECLARED_SELECTOR = YES;
				GCC_WARN_UNINITIALIZED_AUTOS = YES_AGGRESSIVE;
				GCC_WARN_UNUSED_FUNCTION = YES;
				GCC_WARN_UNUSED_VARIABLE = YES;
				IPHONEOS_DEPLOYMENT_TARGET = 16.2;
				MTL_ENABLE_DEBUG_INFO = INCLUDE_SOURCE;
				MTL_FAST_MATH = YES;
				ONLY_ACTIVE_ARCH = YES;
				SDKROOT = iphoneos;
				SWIFT_ACTIVE_COMPILATION_CONDITIONS = DEBUG;
				SWIFT_OPTIMIZATION_LEVEL = "-Onone";
			};
			name = Debug;
		};
		842387D02AA0B7D50007D4CF /* Release */ = {
			isa = XCBuildConfiguration;
			buildSettings = {
				ALWAYS_SEARCH_USER_PATHS = NO;
				CLANG_ANALYZER_NONNULL = YES;
				CLANG_ANALYZER_NUMBER_OBJECT_CONVERSION = YES_AGGRESSIVE;
				CLANG_CXX_LANGUAGE_STANDARD = "gnu++20";
				CLANG_ENABLE_MODULES = YES;
				CLANG_ENABLE_OBJC_ARC = YES;
				CLANG_ENABLE_OBJC_WEAK = YES;
				CLANG_WARN_BLOCK_CAPTURE_AUTORELEASING = YES;
				CLANG_WARN_BOOL_CONVERSION = YES;
				CLANG_WARN_COMMA = YES;
				CLANG_WARN_CONSTANT_CONVERSION = YES;
				CLANG_WARN_DEPRECATED_OBJC_IMPLEMENTATIONS = YES;
				CLANG_WARN_DIRECT_OBJC_ISA_USAGE = YES_ERROR;
				CLANG_WARN_DOCUMENTATION_COMMENTS = YES;
				CLANG_WARN_EMPTY_BODY = YES;
				CLANG_WARN_ENUM_CONVERSION = YES;
				CLANG_WARN_INFINITE_RECURSION = YES;
				CLANG_WARN_INT_CONVERSION = YES;
				CLANG_WARN_NON_LITERAL_NULL_CONVERSION = YES;
				CLANG_WARN_OBJC_IMPLICIT_RETAIN_SELF = YES;
				CLANG_WARN_OBJC_LITERAL_CONVERSION = YES;
				CLANG_WARN_OBJC_ROOT_CLASS = YES_ERROR;
				CLANG_WARN_QUOTED_INCLUDE_IN_FRAMEWORK_HEADER = YES;
				CLANG_WARN_RANGE_LOOP_ANALYSIS = YES;
				CLANG_WARN_STRICT_PROTOTYPES = YES;
				CLANG_WARN_SUSPICIOUS_MOVE = YES;
				CLANG_WARN_UNGUARDED_AVAILABILITY = YES_AGGRESSIVE;
				CLANG_WARN_UNREACHABLE_CODE = YES;
				CLANG_WARN__DUPLICATE_METHOD_MATCH = YES;
				COPY_PHASE_STRIP = NO;
				DEBUG_INFORMATION_FORMAT = "dwarf-with-dsym";
				ENABLE_NS_ASSERTIONS = NO;
				ENABLE_STRICT_OBJC_MSGSEND = YES;
				GCC_C_LANGUAGE_STANDARD = gnu11;
				GCC_NO_COMMON_BLOCKS = YES;
				GCC_WARN_64_TO_32_BIT_CONVERSION = YES;
				GCC_WARN_ABOUT_RETURN_TYPE = YES_ERROR;
				GCC_WARN_UNDECLARED_SELECTOR = YES;
				GCC_WARN_UNINITIALIZED_AUTOS = YES_AGGRESSIVE;
				GCC_WARN_UNUSED_FUNCTION = YES;
				GCC_WARN_UNUSED_VARIABLE = YES;
				IPHONEOS_DEPLOYMENT_TARGET = 16.2;
				MTL_ENABLE_DEBUG_INFO = NO;
				MTL_FAST_MATH = YES;
				SDKROOT = iphoneos;
				SWIFT_COMPILATION_MODE = wholemodule;
				SWIFT_OPTIMIZATION_LEVEL = "-O";
				VALIDATE_PRODUCT = YES;
			};
			name = Release;
		};
		842387D22AA0B7D50007D4CF /* Debug */ = {
			isa = XCBuildConfiguration;
			buildSettings = {
				ASSETCATALOG_COMPILER_APPICON_NAME = AppIcon;
				ASSETCATALOG_COMPILER_GLOBAL_ACCENT_COLOR_NAME = AccentColor;
				CODE_SIGN_STYLE = Automatic;
				CURRENT_PROJECT_VERSION = 1;
				DEVELOPMENT_ASSET_PATHS = "\"fotoBooth/Resources/Preview Content\"";
				DEVELOPMENT_TEAM = 8V8QBXH95P;
				ENABLE_PREVIEWS = YES;
				GENERATE_INFOPLIST_FILE = YES;
				INFOPLIST_FILE = fotoBooth/Info.plist;
				INFOPLIST_KEY_UIApplicationSupportsIndirectInputEvents = YES;
				INFOPLIST_KEY_UILaunchScreen_Generation = YES;
				INFOPLIST_KEY_UISupportedInterfaceOrientations_iPad = "UIInterfaceOrientationPortrait UIInterfaceOrientationPortraitUpsideDown UIInterfaceOrientationLandscapeLeft UIInterfaceOrientationLandscapeRight";
				INFOPLIST_KEY_UISupportedInterfaceOrientations_iPhone = "UIInterfaceOrientationPortrait UIInterfaceOrientationLandscapeLeft UIInterfaceOrientationLandscapeRight";
				LD_RUNPATH_SEARCH_PATHS = (
					"$(inherited)",
					"@executable_path/Frameworks",
				);
				MARKETING_VERSION = 1.0;
				PRODUCT_BUNDLE_IDENTIFIER = yaltApp.fotoBooth;
				PRODUCT_NAME = "$(TARGET_NAME)";
				SWIFT_EMIT_LOC_STRINGS = YES;
				SWIFT_VERSION = 5.0;
				TARGETED_DEVICE_FAMILY = "1,2";
			};
			name = Debug;
		};
		842387D32AA0B7D50007D4CF /* Release */ = {
			isa = XCBuildConfiguration;
			buildSettings = {
				ASSETCATALOG_COMPILER_APPICON_NAME = AppIcon;
				ASSETCATALOG_COMPILER_GLOBAL_ACCENT_COLOR_NAME = AccentColor;
				CODE_SIGN_STYLE = Automatic;
				CURRENT_PROJECT_VERSION = 1;
				DEVELOPMENT_ASSET_PATHS = "\"fotoBooth/Resources/Preview Content\"";
				DEVELOPMENT_TEAM = 8V8QBXH95P;
				ENABLE_PREVIEWS = YES;
				GENERATE_INFOPLIST_FILE = YES;
				INFOPLIST_FILE = fotoBooth/Info.plist;
				INFOPLIST_KEY_UIApplicationSupportsIndirectInputEvents = YES;
				INFOPLIST_KEY_UILaunchScreen_Generation = YES;
				INFOPLIST_KEY_UISupportedInterfaceOrientations_iPad = "UIInterfaceOrientationPortrait UIInterfaceOrientationPortraitUpsideDown UIInterfaceOrientationLandscapeLeft UIInterfaceOrientationLandscapeRight";
				INFOPLIST_KEY_UISupportedInterfaceOrientations_iPhone = "UIInterfaceOrientationPortrait UIInterfaceOrientationLandscapeLeft UIInterfaceOrientationLandscapeRight";
				LD_RUNPATH_SEARCH_PATHS = (
					"$(inherited)",
					"@executable_path/Frameworks",
				);
				MARKETING_VERSION = 1.0;
				PRODUCT_BUNDLE_IDENTIFIER = yaltApp.fotoBooth;
				PRODUCT_NAME = "$(TARGET_NAME)";
				SWIFT_EMIT_LOC_STRINGS = YES;
				SWIFT_VERSION = 5.0;
				TARGETED_DEVICE_FAMILY = "1,2";
			};
			name = Release;
		};
/* End XCBuildConfiguration section */

/* Begin XCConfigurationList section */
		842387BE2AA0B7D30007D4CF /* Build configuration list for PBXProject "fotoBooth" */ = {
			isa = XCConfigurationList;
			buildConfigurations = (
				842387CF2AA0B7D50007D4CF /* Debug */,
				842387D02AA0B7D50007D4CF /* Release */,
			);
			defaultConfigurationIsVisible = 0;
			defaultConfigurationName = Release;
		};
		842387D12AA0B7D50007D4CF /* Build configuration list for PBXNativeTarget "fotoBooth" */ = {
			isa = XCConfigurationList;
			buildConfigurations = (
				842387D22AA0B7D50007D4CF /* Debug */,
				842387D32AA0B7D50007D4CF /* Release */,
			);
			defaultConfigurationIsVisible = 0;
			defaultConfigurationName = Release;
		};
/* End XCConfigurationList section */
	};
	rootObject = 842387BB2AA0B7D30007D4CF /* Project object */;
}
